
Microsoft Visual Studio Solution File, Format Version 12.00
# Visual Studio Version 17
VisualStudioVersion = 17.9.34902.65
MinimumVisualStudioVersion = 10.0.40219.1
Project("{FAE04EC0-301F-11D3-BF4B-00C04F79EFBC}") = "AdaMuzik", "AdaMuzik.csproj", "{96E26126-B008-435B-BE06-BD7104ACCDAF}"
EndProject
Global
	GlobalSection(SolutionConfigurationPlatforms) = preSolution
		Debug|Any CPU = Debug|Any CPU
		Release|Any CPU = Release|Any CPU
	EndGlobalSection
	GlobalSection(ProjectConfigurationPlatforms) = postSolution
		{96E26126-B008-435B-BE06-BD7104ACCDAF}.Debug|Any CPU.ActiveCfg = Debug|Any CPU
		{96E26126-B008-435B-BE06-BD7104ACCDAF}.Debug|Any CPU.Build.0 = Debug|Any CPU
		{96E26126-B008-435B-BE06-BD7104ACCDAF}.Release|Any CPU.ActiveCfg = Release|Any CPU
		{96E26126-B008-435B-BE06-BD7104ACCDAF}.Release|Any CPU.Build.0 = Release|Any CPU
	EndGlobalSection
	GlobalSection(SolutionProperties) = preSolution
		HideSolutionNode = FALSE
	EndGlobalSection
	GlobalSection(ExtensibilityGlobals) = postSolution
		SolutionGuid = {6ADDDF90-C45C-4FF3-93D6-413F7D9F56A5}
	EndGlobalSection
EndGlobal
